
Microsoft Visual Studio Solution File, Format Version 12.00
# Visual Studio Version 16
VisualStudioVersion = 16.0.29306.81
MinimumVisualStudioVersion = 10.0.40219.1
Project("{FAE04EC0-301F-11D3-BF4B-00C04F79EFBC}") = "FileIOArray", "FileIOArray\FileIOArray.csproj", "{F264B314-6CF0-48A5-B2A0-76BB89550FCD}"
EndProject
Global
	GlobalSection(SolutionConfigurationPlatforms) = preSolution
		Debug|Any CPU = Debug|Any CPU
		Release|Any CPU = Release|Any CPU
	EndGlobalSection
	GlobalSection(ProjectConfigurationPlatforms) = postSolution
		{F264B314-6CF0-48A5-B2A0-76BB89550FCD}.Debug|Any CPU.ActiveCfg = Debug|Any CPU
		{F264B314-6CF0-48A5-B2A0-76BB89550FCD}.Debug|Any CPU.Build.0 = Debug|Any CPU
		{F264B314-6CF0-48A5-B2A0-76BB89550FCD}.Release|Any CPU.ActiveCfg = Release|Any CPU
		{F264B314-6CF0-48A5-B2A0-76BB89550FCD}.Release|Any CPU.Build.0 = Release|Any CPU
	EndGlobalSection
	GlobalSection(SolutionProperties) = preSolution
		HideSolutionNode = FALSE
	EndGlobalSection
	GlobalSection(ExtensibilityGlobals) = postSolution
		SolutionGuid = {633C82B3-D700-416A-8A64-4FC968609679}
	EndGlobalSection
EndGlobal
